{
  "lockfileVersion": 1,
  "workspaces": {
    "": {
      "name": "tyrolean-map",
      "dependencies": {
        "leaflet": "2.0.0-alpha",
        "leaflet-control-geocoder": "^3.2.0",
        "leaflet.locatecontrol": "jeffreykog/leaflet-locatecontrol#leaflet-v2",
      },
      "devDependencies": {
        "@types/leaflet": "^1.9.18",
        "@types/leaflet.locatecontrol": "^0.82.0",
        "prettier": "^3.5.3",
        "pretty-quick": "^4.1.1",
        "vite": "npm:rolldown-vite@7.0.4",
      },
    },
  },
  "packages": {
    "@emnapi/core": ["@emnapi/core@1.4.5", "", { "dependencies": { "@emnapi/wasi-threads": "1.0.4", "tslib": "^2.4.0" } }, "sha512-XsLw1dEOpkSX/WucdqUhPWP7hDxSvZiY+fsUC14h+FtQ2Ifni4znbBt8punRX+Uj2JG/uDb8nEHVKvrVlvdZ5Q=="],

    "@emnapi/runtime": ["@emnapi/runtime@1.4.5", "", { "dependencies": { "tslib": "^2.4.0" } }, "sha512-++LApOtY0pEEz1zrd9vy1/zXVaVJJ/EbAF3u0fXIzPJEDtnITsBGbbK0EkM72amhl/R5b+5xx0Y/QhcVOpuulg=="],

    "@emnapi/wasi-threads": ["@emnapi/wasi-threads@1.0.4", "", { "dependencies": { "tslib": "^2.4.0" } }, "sha512-PJR+bOmMOPH8AtcTGAyYNiuJ3/Fcoj2XN/gBEWzDIKh254XO+mM9XoXHk5GNEhodxeMznbg7BlRojVbKN+gC6g=="],

    "@napi-rs/wasm-runtime": ["@napi-rs/wasm-runtime@0.2.12", "", { "dependencies": { "@emnapi/core": "^1.4.3", "@emnapi/runtime": "^1.4.3", "@tybys/wasm-util": "^0.10.0" } }, "sha512-ZVWUcfwY4E/yPitQJl481FjFo3K22D6qF0DuFH6Y/nbnE11GY5uguDxZMGXPQ8WQ0128MXQD7TnfHyK4oWoIJQ=="],

    "@oxc-project/runtime": ["@oxc-project/runtime@0.75.0", "", {}, "sha512-gzRmVI/vorsPmbDXt7GD4Uh2lD3rCOku/1xWPB4Yx48k0EP4TZmzQudWapjN4+7Vv+rgXr0RqCHQadeaMvdBuw=="],

    "@oxc-project/types": ["@oxc-project/types@0.75.0", "", {}, "sha512-QMW+06WOXs7+F301Y3X0VpmWhwuQVc/X/RP2zF9OIwvSMmsif3xURS2wxbakFIABYsytgBcHpUcFepVS0Qnd3A=="],

    "@pkgr/core": ["@pkgr/core@0.2.9", "", {}, "sha512-QNqXyfVS2wm9hweSYD2O7F0G06uurj9kZ96TRQE5Y9hU7+tgdZwIkbAKc5Ocy1HxEY2kuDQa6cQ1WRs/O5LFKA=="],

    "@rolldown/binding-darwin-arm64": ["@rolldown/binding-darwin-arm64@1.0.0-beta.23", "", { "os": "darwin", "cpu": "arm64" }, "sha512-rppgXFU4+dNDPQvPsfovUuYfDgMoATDomKGjIRR5bIU98BYkQF1fm+87trApilfWSosLQP9JsXOoUJO/EMrspQ=="],

    "@rolldown/binding-darwin-x64": ["@rolldown/binding-darwin-x64@1.0.0-beta.23", "", { "os": "darwin", "cpu": "x64" }, "sha512-aFo1v7GKysuwSAfsyNcBb9mj3M+wxMCu3N+DcTD5eAaz3mFex6l+2b/vLGaTWNrCMoWhRxV8rTaI1eFoMVdSuQ=="],

    "@rolldown/binding-freebsd-x64": ["@rolldown/binding-freebsd-x64@1.0.0-beta.23", "", { "os": "freebsd", "cpu": "x64" }, "sha512-/NzbXIFIR5KR+fZ351K1qONekakXpiPhUX55ydP6ok8iKdG7bTbgs6dlMg7Ow0E2DKlQoTbZbPTUY3kTzmNrsQ=="],

    "@rolldown/binding-linux-arm-gnueabihf": ["@rolldown/binding-linux-arm-gnueabihf@1.0.0-beta.23", "", { "os": "linux", "cpu": "arm" }, "sha512-vPnCHxjyR4ZVj9x6sLJMCAdBY99RPe6Mnwxb5BSaE6ccHzvy015xtsIEG7H9E9pVj3yfI/om77jrP+YA5IqL3w=="],

    "@rolldown/binding-linux-arm64-gnu": ["@rolldown/binding-linux-arm64-gnu@1.0.0-beta.23", "", { "os": "linux", "cpu": "arm64" }, "sha512-PFBBnj9JqLOL8gjZtoVGfOXe0PSpnPUXE+JuMcWz568K/p4Zzk7lDDHl7guD95wVtV89TmfaRwK2PWd9vKxHtg=="],

    "@rolldown/binding-linux-arm64-musl": ["@rolldown/binding-linux-arm64-musl@1.0.0-beta.23", "", { "os": "linux", "cpu": "arm64" }, "sha512-KyQRLofVP78yUCXT90YmEzxK6I9VCBeOTSyOrs40Qx0Q0XwaGVwxo7sKj2SmnqxribdcouBA3CfNZC4ZNcyEnQ=="],

    "@rolldown/binding-linux-x64-gnu": ["@rolldown/binding-linux-x64-gnu@1.0.0-beta.23", "", { "os": "linux", "cpu": "x64" }, "sha512-EubfEsJyjQbKK9j3Ez1hhbIOsttABb07Z7PhMRcVYW0wrVr8SfKLew9pULIMfcSNnoz8QqzoI4lOSmezJ9bYWw=="],

    "@rolldown/binding-linux-x64-musl": ["@rolldown/binding-linux-x64-musl@1.0.0-beta.23", "", { "os": "linux", "cpu": "x64" }, "sha512-MUAthvl3I/+hySltZuj5ClKiq8fAMqExeBnxadLFShwWCbdHKFd+aRjBxxzarPcnqbDlTaOCUaAaYmQTOTOHSg=="],

    "@rolldown/binding-wasm32-wasi": ["@rolldown/binding-wasm32-wasi@1.0.0-beta.23", "", { "dependencies": { "@napi-rs/wasm-runtime": "^0.2.10" }, "cpu": "none" }, "sha512-YI7QMQU01QFVNTEaQt3ysrq+wGBwLdFVFEGO64CoZ3gTsr/HulU8gvgR+67coQOlQC9iO/Hm1bvkBtceLxKrnA=="],

    "@rolldown/binding-win32-arm64-msvc": ["@rolldown/binding-win32-arm64-msvc@1.0.0-beta.23", "", { "os": "win32", "cpu": "arm64" }, "sha512-JdHx6Hli53etB/QsZL1tjpf4qa87kNcwPdx4iVicP/kL7po6k5bHoS5/l/nRRccwPh7BlPlB2uoEuTwJygJosQ=="],

    "@rolldown/binding-win32-ia32-msvc": ["@rolldown/binding-win32-ia32-msvc@1.0.0-beta.23", "", { "os": "win32", "cpu": "ia32" }, "sha512-rMZ0QBmcDND97+5unXxquKvSudV8tz6S7tBY3gOYlqMFEDIRX0BAgxaqQBQbq34ZxB9bXwGdjuau3LZHGreB6g=="],

    "@rolldown/binding-win32-x64-msvc": ["@rolldown/binding-win32-x64-msvc@1.0.0-beta.23", "", { "os": "win32", "cpu": "x64" }, "sha512-0PqE7vGIpA+XT+qxAYJQKTrB5zz8vJiuCOInfY/ks/QOs6ZZ9Os8bdNkcpCy4rYo+GMZn0Q8CwyPu4uexWB1aA=="],

    "@rolldown/pluginutils": ["@rolldown/pluginutils@1.0.0-beta.23", "", {}, "sha512-lLCP4LUecUGBLq8EfkbY2esGYyvZj5ee+WZG12+mVnQH48b46SVbwp+0vJkD+6Pnsc+u9SWarBV9sQ5mVwmb5g=="],

    "@tybys/wasm-util": ["@tybys/wasm-util@0.10.0", "", { "dependencies": { "tslib": "^2.4.0" } }, "sha512-VyyPYFlOMNylG45GoAe0xDoLwWuowvf92F9kySqzYh8vmYm7D2u4iUJKa1tOUpS70Ku13ASrOkS4ScXFsTaCNQ=="],

    "@types/geojson": ["@types/geojson@7946.0.16", "", {}, "sha512-6C8nqWur3j98U6+lXDfTUWIfgvZU+EumvpHKcYjujKH7woYyLj2sUmff0tRhrqM7BohUw7Pz3ZB1jj2gW9Fvmg=="],

    "@types/leaflet": ["@types/leaflet@1.9.20", "", { "dependencies": { "@types/geojson": "*" } }, "sha512-rooalPMlk61LCaLOvBF2VIf9M47HgMQqi5xQ9QRi7c8PkdIe0WrIi5IxXUXQjAdL0c+vcQ01mYWbthzmp9GHWw=="],

    "@types/leaflet.locatecontrol": ["@types/leaflet.locatecontrol@0.82.0", "", { "dependencies": { "@types/leaflet": "*" } }, "sha512-e0pQqdxu3iPPdI1cGyOWbWMw0qZC9vvDUXC6+upsCj8GiRoKZYtRVMAMztC2TxivTFebtqelJ9ao40zBOpLsag=="],

    "ansis": ["ansis@4.1.0", "", {}, "sha512-BGcItUBWSMRgOCe+SVZJ+S7yTRG0eGt9cXAHev72yuGcY23hnLA7Bky5L/xLyPINoSN95geovfBkqoTlNZYa7w=="],

    "detect-libc": ["detect-libc@2.0.4", "", {}, "sha512-3UDv+G9CsCKO1WKMGw9fwq/SWJYbI0c5Y7LU1AXYoDdbhE2AHQ6N6Nb34sG8Fj7T5APy8qXDCKuuIHd1BR0tVA=="],

    "fdir": ["fdir@6.4.6", "", { "peerDependencies": { "picomatch": "^3 || ^4" }, "optionalPeers": ["picomatch"] }, "sha512-hiFoqpyZcfNm1yc4u8oWCf9A2c4D3QjCrks3zmoVKVxpQRzmPNar1hUJcBG2RQHvEVGDN+Jm81ZheVLAQMK6+w=="],

    "fsevents": ["fsevents@2.3.3", "", { "os": "darwin" }, "sha512-5xoDfX+fL7faATnagmWPpbFtwh/R77WmMMqqHGS65C3vvB0YHrgF+B1YmZ3441tMj5n63k0212XNoJwzlhffQw=="],

    "ignore": ["ignore@7.0.5", "", {}, "sha512-Hs59xBNfUIunMFgWAbGX5cq6893IbWg4KnrjbYwX3tx0ztorVgTDA6B2sxf8ejHJ4wz8BqGUMYlnzNBer5NvGg=="],

    "leaflet": ["leaflet@2.0.0-alpha", "", {}, "sha512-RnEJ3UYcuHPFFsDq0e2/QovyIaR3hhwiQpq3wrKnvprA/lsiAJpcxvkRZL3UwQ2xnKm1r2pYcMa+rcSKVwEQag=="],

    "leaflet-control-geocoder": ["leaflet-control-geocoder@3.2.0", "", { "optionalDependencies": { "open-location-code": "^1.0.3" }, "peerDependencies": { "leaflet": "^1.6.0 || ^2.0.0" } }, "sha512-4izW1bDWUTJ5As4zlVMZvx08EswAEURYiaau5JK6iXIQ2T9isn/70M5x+rglf0vGtw1zpC+7fKsj2E/nBjQPgg=="],

    "leaflet.locatecontrol": ["leaflet.locatecontrol@github:jeffreykog/leaflet-locatecontrol#65a4779", { "peerDependencies": { "leaflet": "^1.9.0 || ^2.0.0" } }, "jeffreykog-leaflet-locatecontrol-65a4779"],

    "lightningcss": ["lightningcss@1.30.1", "", { "dependencies": { "detect-libc": "^2.0.3" }, "optionalDependencies": { "lightningcss-darwin-arm64": "1.30.1", "lightningcss-darwin-x64": "1.30.1", "lightningcss-freebsd-x64": "1.30.1", "lightningcss-linux-arm-gnueabihf": "1.30.1", "lightningcss-linux-arm64-gnu": "1.30.1", "lightningcss-linux-arm64-musl": "1.30.1", "lightningcss-linux-x64-gnu": "1.30.1", "lightningcss-linux-x64-musl": "1.30.1", "lightningcss-win32-arm64-msvc": "1.30.1", "lightningcss-win32-x64-msvc": "1.30.1" } }, "sha512-xi6IyHML+c9+Q3W0S4fCQJOym42pyurFiJUHEcEyHS0CeKzia4yZDEsLlqOFykxOdHpNy0NmvVO31vcSqAxJCg=="],

    "lightningcss-darwin-arm64": ["lightningcss-darwin-arm64@1.30.1", "", { "os": "darwin", "cpu": "arm64" }, "sha512-c8JK7hyE65X1MHMN+Viq9n11RRC7hgin3HhYKhrMyaXflk5GVplZ60IxyoVtzILeKr+xAJwg6zK6sjTBJ0FKYQ=="],

    "lightningcss-darwin-x64": ["lightningcss-darwin-x64@1.30.1", "", { "os": "darwin", "cpu": "x64" }, "sha512-k1EvjakfumAQoTfcXUcHQZhSpLlkAuEkdMBsI/ivWw9hL+7FtilQc0Cy3hrx0AAQrVtQAbMI7YjCgYgvn37PzA=="],

    "lightningcss-freebsd-x64": ["lightningcss-freebsd-x64@1.30.1", "", { "os": "freebsd", "cpu": "x64" }, "sha512-kmW6UGCGg2PcyUE59K5r0kWfKPAVy4SltVeut+umLCFoJ53RdCUWxcRDzO1eTaxf/7Q2H7LTquFHPL5R+Gjyig=="],

    "lightningcss-linux-arm-gnueabihf": ["lightningcss-linux-arm-gnueabihf@1.30.1", "", { "os": "linux", "cpu": "arm" }, "sha512-MjxUShl1v8pit+6D/zSPq9S9dQ2NPFSQwGvxBCYaBYLPlCWuPh9/t1MRS8iUaR8i+a6w7aps+B4N0S1TYP/R+Q=="],

    "lightningcss-linux-arm64-gnu": ["lightningcss-linux-arm64-gnu@1.30.1", "", { "os": "linux", "cpu": "arm64" }, "sha512-gB72maP8rmrKsnKYy8XUuXi/4OctJiuQjcuqWNlJQ6jZiWqtPvqFziskH3hnajfvKB27ynbVCucKSm2rkQp4Bw=="],

    "lightningcss-linux-arm64-musl": ["lightningcss-linux-arm64-musl@1.30.1", "", { "os": "linux", "cpu": "arm64" }, "sha512-jmUQVx4331m6LIX+0wUhBbmMX7TCfjF5FoOH6SD1CttzuYlGNVpA7QnrmLxrsub43ClTINfGSYyHe2HWeLl5CQ=="],

    "lightningcss-linux-x64-gnu": ["lightningcss-linux-x64-gnu@1.30.1", "", { "os": "linux", "cpu": "x64" }, "sha512-piWx3z4wN8J8z3+O5kO74+yr6ze/dKmPnI7vLqfSqI8bccaTGY5xiSGVIJBDd5K5BHlvVLpUB3S2YCfelyJ1bw=="],

    "lightningcss-linux-x64-musl": ["lightningcss-linux-x64-musl@1.30.1", "", { "os": "linux", "cpu": "x64" }, "sha512-rRomAK7eIkL+tHY0YPxbc5Dra2gXlI63HL+v1Pdi1a3sC+tJTcFrHX+E86sulgAXeI7rSzDYhPSeHHjqFhqfeQ=="],

    "lightningcss-win32-arm64-msvc": ["lightningcss-win32-arm64-msvc@1.30.1", "", { "os": "win32", "cpu": "arm64" }, "sha512-mSL4rqPi4iXq5YVqzSsJgMVFENoa4nGTT/GjO2c0Yl9OuQfPsIfncvLrEW6RbbB24WtZ3xP/2CCmI3tNkNV4oA=="],

    "lightningcss-win32-x64-msvc": ["lightningcss-win32-x64-msvc@1.30.1", "", { "os": "win32", "cpu": "x64" }, "sha512-PVqXh48wh4T53F/1CCu8PIPCxLzWyCnn/9T5W1Jpmdy5h9Cwd+0YQS6/LwhHXSafuc61/xg9Lv5OrCby6a++jg=="],

    "mri": ["mri@1.2.0", "", {}, "sha512-tzzskb3bG8LvYGFF/mDTpq3jpI6Q9wc3LEmBaghu+DdCssd1FakN7Bc0hVNmEyGq1bq3RgfkCb3cmQLpNPOroA=="],

    "nanoid": ["nanoid@3.3.11", "", { "bin": { "nanoid": "bin/nanoid.cjs" } }, "sha512-N8SpfPUnUp1bK+PMYW8qSWdl9U+wwNWI4QKxOYDy9JAro3WMX7p2OeVRF9v+347pnakNevPmiHhNmZ2HbFA76w=="],

    "open-location-code": ["open-location-code@1.0.3", "", {}, "sha512-DBm14BSn40Ee241n80zIFXIT6+y8Tb0I+jTdosLJ8Sidvr2qONvymwqymVbHV2nS+1gkDZ5eTNpnOIVV0Kn2fw=="],

    "picocolors": ["picocolors@1.1.1", "", {}, "sha512-xceH2snhtb5M9liqDsmEw56le376mTZkEX/jEb/RxNFyegNul7eNslCXP9FDj/Lcu0X8KEyMceP2ntpaHrDEVA=="],

    "picomatch": ["picomatch@4.0.3", "", {}, "sha512-5gTmgEY/sqK6gFXLIsQNH19lWb4ebPDLA4SdLP7dsWkIXHWlG66oPuVvXSGFPppYZz8ZDZq0dYYrbHfBCVUb1Q=="],

    "postcss": ["postcss@8.5.6", "", { "dependencies": { "nanoid": "^3.3.11", "picocolors": "^1.1.1", "source-map-js": "^1.2.1" } }, "sha512-3Ybi1tAuwAP9s0r1UQ2J4n5Y0G05bJkpUIO0/bI9MhwmD70S5aTWbXGBwxHrelT+XM1k6dM0pk+SwNkpTRN7Pg=="],

    "prettier": ["prettier@3.6.2", "", { "bin": { "prettier": "bin/prettier.cjs" } }, "sha512-I7AIg5boAr5R0FFtJ6rCfD+LFsWHp81dolrFD8S79U9tb8Az2nGrJncnMSnys+bpQJfRUzqs9hnA81OAA3hCuQ=="],

    "pretty-quick": ["pretty-quick@4.2.2", "", { "dependencies": { "@pkgr/core": "^0.2.7", "ignore": "^7.0.5", "mri": "^1.2.0", "picocolors": "^1.1.1", "picomatch": "^4.0.2", "tinyexec": "^0.3.2", "tslib": "^2.8.1" }, "peerDependencies": { "prettier": "^3.0.0" }, "bin": { "pretty-quick": "lib/cli.mjs" } }, "sha512-uAh96tBW1SsD34VhhDmWuEmqbpfYc/B3j++5MC/6b3Cb8Ow7NJsvKFhg0eoGu2xXX+o9RkahkTK6sUdd8E7g5w=="],

    "rolldown": ["rolldown@1.0.0-beta.23", "", { "dependencies": { "@oxc-project/runtime": "=0.75.0", "@oxc-project/types": "=0.75.0", "@rolldown/pluginutils": "1.0.0-beta.23", "ansis": "^4.0.0" }, "optionalDependencies": { "@rolldown/binding-darwin-arm64": "1.0.0-beta.23", "@rolldown/binding-darwin-x64": "1.0.0-beta.23", "@rolldown/binding-freebsd-x64": "1.0.0-beta.23", "@rolldown/binding-linux-arm-gnueabihf": "1.0.0-beta.23", "@rolldown/binding-linux-arm64-gnu": "1.0.0-beta.23", "@rolldown/binding-linux-arm64-musl": "1.0.0-beta.23", "@rolldown/binding-linux-x64-gnu": "1.0.0-beta.23", "@rolldown/binding-linux-x64-musl": "1.0.0-beta.23", "@rolldown/binding-wasm32-wasi": "1.0.0-beta.23", "@rolldown/binding-win32-arm64-msvc": "1.0.0-beta.23", "@rolldown/binding-win32-ia32-msvc": "1.0.0-beta.23", "@rolldown/binding-win32-x64-msvc": "1.0.0-beta.23" }, "bin": { "rolldown": "bin/cli.mjs" } }, "sha512-+/TR2YSZxLTtDAfG9LHlYqsHO6jtvr9qxaRD77E+PCAQi5X47bJkgiZsjDmE1jGR19NfYegWToOvSe6E+8NfwA=="],

    "source-map-js": ["source-map-js@1.2.1", "", {}, "sha512-UXWMKhLOwVKb728IUtQPXxfYU+usdybtUrK/8uGE8CQMvrhOpwvzDBwj0QhSL7MQc7vIsISBG8VQ8+IDQxpfQA=="],

    "tinyexec": ["tinyexec@0.3.2", "", {}, "sha512-KQQR9yN7R5+OSwaK0XQoj22pwHoTlgYqmUscPYoknOoWCWfj/5/ABTMRi69FrKU5ffPVh5QcFikpWJI/P1ocHA=="],

    "tinyglobby": ["tinyglobby@0.2.14", "", { "dependencies": { "fdir": "^6.4.4", "picomatch": "^4.0.2" } }, "sha512-tX5e7OM1HnYr2+a2C/4V0htOcSQcoSTH9KgJnVvNm5zm/cyEWKJ7j7YutsH9CxMdtOkkLFy2AHrMci9IM8IPZQ=="],

    "tslib": ["tslib@2.8.1", "", {}, "sha512-oJFu94HQb+KVduSUQL7wnpmqnfmLsOA/nAh6b6EH0wCEoK0/mPeXU6c3wKDV83MkOuHPRHtSXKKU99IBazS/2w=="],

    "vite": ["rolldown-vite@7.0.4", "", { "dependencies": { "@oxc-project/runtime": "0.75.0", "fdir": "^6.4.6", "lightningcss": "^1.30.1", "picomatch": "^4.0.2", "postcss": "^8.5.6", "rolldown": "1.0.0-beta.23", "tinyglobby": "^0.2.14" }, "optionalDependencies": { "fsevents": "~2.3.3" }, "peerDependencies": { "@types/node": "^20.19.0 || >=22.12.0", "esbuild": "^0.25.0", "jiti": ">=1.21.0", "less": "^4.0.0", "sass": "^1.70.0", "sass-embedded": "^1.70.0", "stylus": ">=0.54.8", "sugarss": "^5.0.0", "terser": "^5.16.0", "tsx": "^4.8.1", "yaml": "^2.4.2" }, "optionalPeers": ["@types/node", "esbuild", "jiti", "less", "sass", "sass-embedded", "stylus", "sugarss", "terser", "tsx", "yaml"], "bin": { "vite": "bin/vite.js" } }, "sha512-AcFt2mBWuwH3svDHcz8V5+K8Es1TuZOBDdJh6+ySkGSuNS5sEpRJqnopupeMfB8SHCAXVA6Wp75OQmTBZc+TgQ=="],
  }
}
